PODS:
  - ObjectMapper (2.2.1)
  - RxSwift (3.0.1)

DEPENDENCIES:
  - ObjectMapper (~> 2.0)
  - RxSwift (~> 3.0)

SPEC CHECKSUMS:
  ObjectMapper: 41e43e1a89f8060ef5ea5d04ba852e269a621d68
  RxSwift: af5680055c4ad04480189c52d28385b1029493a6

PODFILE CHECKSUM: f6cde45e876bb0e5cc123efdce58ee25f82285c8

COCOAPODS: 1.1.1
