// !$*UTF8*$!
{
	archiveVersion = 1;
	classes = {
	};
	objectVersion = 46;
	objects = {

/* Begin PBXBuildFile section */
		BB0B6F4C1DD8F3D5007E896C /* AppDelegate.swift in Sources */ = {isa = PBXBuildFile; fileRef = BB0B6F4B1DD8F3D5007E896C /* AppDelegate.swift */; };
		BB0B6F4E1DD8F3D5007E896C /* ViewController.swift in Sources */ = {isa = PBXBuildFile; fileRef = BB0B6F4D1DD8F3D5007E896C /* ViewController.swift */; };
		BB0B6F511DD8F3D5007E896C /* Main.storyboard in Resources */ = {isa = PBXBuildFile; fileRef = BB0B6F4F1DD8F3D5007E896C /* Main.storyboard */; };
		BB0B6F531DD8F3D5007E896C /* Assets.xcassets in Resources */ = {isa = PBXBuildFile; fileRef = BB0B6F521DD8F3D5007E896C /* Assets.xcassets */; };
		BB0B6F561DD8F3D5007E896C /* LaunchScreen.storyboard in Resources */ = {isa = PBXBuildFile; fileRef = BB0B6F541DD8F3D5007E896C /* LaunchScreen.storyboard */; };
		BB0B6F611DD8F3D6007E896C /* LeanPokerTests.swift in Sources */ = {isa = PBXBuildFile; fileRef = BB0B6F601DD8F3D6007E896C /* LeanPokerTests.swift */; };
		BB0B6F6C1DD8F3D6007E896C /* LeanPokerUITests.swift in Sources */ = {isa = PBXBuildFile; fileRef = BB0B6F6B1DD8F3D6007E896C /* LeanPokerUITests.swift */; };
		C87779BFC73856A4EEF5AD38 /* Pods_LeanPokerUITests.framework in Frameworks */ = {isa = PBXBuildFile; fileRef = EEB37CDCA5F886A30F705C28 /* Pods_LeanPokerUITests.framework */; };
		D2C2188F3B5DC5790E288258 /* Pods_LeanPokerTests.framework in Frameworks */ = {isa = PBXBuildFile; fileRef = 9178BAD5ECF3F35EDB601FCD /* Pods_LeanPokerTests.framework */; };
		E5EDCF24FB95E16FAA1AB67F /* Pods_LeanPoker.framework in Frameworks */ = {isa = PBXBuildFile; fileRef = B811E1014EC485DC3C36FBDE /* Pods_LeanPoker.framework */; };
/* End PBXBuildFile section */

/* Begin PBXContainerItemProxy section */
		BB0B6F5D1DD8F3D6007E896C /* PBXContainerItemProxy */ = {
			isa = PBXContainerItemProxy;
			containerPortal = BB0B6F401DD8F3D5007E896C /* Project object */;
			proxyType = 1;
			remoteGlobalIDString = BB0B6F471DD8F3D5007E896C;
			remoteInfo = LeanPoker;
		};
		BB0B6F681DD8F3D6007E896C /* PBXContainerItemProxy */ = {
			isa = PBXContainerItemProxy;
			containerPortal = BB0B6F401DD8F3D5007E896C /* Project object */;
			proxyType = 1;
			remoteGlobalIDString = BB0B6F471DD8F3D5007E896C;
			remoteInfo = LeanPoker;
		};
/* End PBXContainerItemProxy section */

/* Begin PBXFileReference section */
		40D7D6439B1578D34E3C60EF /* Pods-LeanPoker.debug.xcconfig */ = {isa = PBXFileReference; includeInIndex = 1; lastKnownFileType = text.xcconfig; name = "Pods-LeanPoker.debug.xcconfig"; path = "Pods/Target Support Files/Pods-LeanPoker/Pods-LeanPoker.debug.xcconfig"; sourceTree = "<group>"; };
		48129E5C191B1C00E75778D1 /* Pods-LeanPoker.release.xcconfig */ = {isa = PBXFileReference; includeInIndex = 1; lastKnownFileType = text.xcconfig; name = "Pods-LeanPoker.release.xcconfig"; path = "Pods/Target Support Files/Pods-LeanPoker/Pods-LeanPoker.release.xcconfig"; sourceTree = "<group>"; };
		4E6AC3E78F77B37CFE37F84C /* Pods-LeanPokerTests.release.xcconfig */ = {isa = PBXFileReference; includeInIndex = 1; lastKnownFileType = text.xcconfig; name = "Pods-LeanPokerTests.release.xcconfig"; path = "Pods/Target Support Files/Pods-LeanPokerTests/Pods-LeanPokerTests.release.xcconfig"; sourceTree = "<group>"; };
		74515C7D6622FCCF95CA27DE /* Pods-LeanPokerUITests.release.xcconfig */ = {isa = PBXFileReference; includeInIndex = 1; lastKnownFileType = text.xcconfig; name = "Pods-LeanPokerUITests.release.xcconfig"; path = "Pods/Target Support Files/Pods-LeanPokerUITests/Pods-LeanPokerUITests.release.xcconfig"; sourceTree = "<group>"; };
		9178BAD5ECF3F35EDB601FCD /* Pods_LeanPokerTests.framework */ = {isa = PBXFileReference; explicitFileType = wrapper.framework; includeInIndex = 0; path = Pods_LeanPokerTests.framework; sourceTree = BUILT_PRODUCTS_DIR; };
		9E26E002E1DEB8C42D447AF1 /* Pods-LeanPokerUITests.debug.xcconfig */ = {isa = PBXFileReference; includeInIndex = 1; lastKnownFileType = text.xcconfig; name = "Pods-LeanPokerUITests.debug.xcconfig"; path = "Pods/Target Support Files/Pods-LeanPokerUITests/Pods-LeanPokerUITests.debug.xcconfig"; sourceTree = "<group>"; };
		B6F42CAA86D57C53F8EC6B37 /* Pods-LeanPokerTests.debug.xcconfig */ = {isa = PBXFileReference; includeInIndex = 1; lastKnownFileType = text.xcconfig; name = "Pods-LeanPokerTests.debug.xcconfig"; path = "Pods/Target Support Files/Pods-LeanPokerTests/Pods-LeanPokerTests.debug.xcconfig"; sourceTree = "<group>"; };
		B811E1014EC485DC3C36FBDE /* Pods_LeanPoker.framework */ = {isa = PBXFileReference; explicitFileType = wrapper.framework; includeInIndex = 0; path = Pods_LeanPoker.framework; sourceTree = BUILT_PRODUCTS_DIR; };
		BB0B6F481DD8F3D5007E896C /* LeanPoker.app */ = {isa = PBXFileReference; explicitFileType = wrapper.application; includeInIndex = 0; path = LeanPoker.app; sourceTree = BUILT_PRODUCTS_DIR; };
		BB0B6F4B1DD8F3D5007E896C /* AppDelegate.swift */ = {isa = PBXFileReference; lastKnownFileType = sourcecode.swift; path = AppDelegate.swift; sourceTree = "<group>"; };
		BB0B6F4D1DD8F3D5007E896C /* ViewController.swift */ = {isa = PBXFileReference; lastKnownFileType = sourcecode.swift; path = ViewController.swift; sourceTree = "<group>"; };
		BB0B6F501DD8F3D5007E896C /* Base */ = {isa = PBXFileReference; lastKnownFileType = file.storyboard; name = Base; path = Base.lproj/Main.storyboard; sourceTree = "<group>"; };
		BB0B6F521DD8F3D5007E896C /* Assets.xcassets */ = {isa = PBXFileReference; lastKnownFileType = folder.assetcatalog; path = Assets.xcassets; sourceTree = "<group>"; };
		BB0B6F551DD8F3D5007E896C /* Base */ = {isa = PBXFileReference; lastKnownFileType = file.storyboard; name = Base; path = Base.lproj/LaunchScreen.storyboard; sourceTree = "<group>"; };
		BB0B6F571DD8F3D5007E896C /* Info.plist */ = {isa = PBXFileReference; lastKnownFileType = text.plist.xml; path = Info.plist; sourceTree = "<group>"; };
		BB0B6F5C1DD8F3D6007E896C /* LeanPokerTests.xctest */ = {isa = PBXFileReference; explicitFileType = wrapper.cfbundle; includeInIndex = 0; path = LeanPokerTests.xctest; sourceTree = BUILT_PRODUCTS_DIR; };
		BB0B6F601DD8F3D6007E896C /* LeanPokerTests.swift */ = {isa = PBXFileReference; lastKnownFileType = sourcecode.swift; path = LeanPokerTests.swift; sourceTree = "<group>"; };
		BB0B6F621DD8F3D6007E896C /* Info.plist */ = {isa = PBXFileReference; lastKnownFileType = text.plist.xml; path = Info.plist; sourceTree = "<group>"; };
		BB0B6F671DD8F3D6007E896C /* LeanPokerUITests.xctest */ = {isa = PBXFileReference; explicitFileType = wrapper.cfbundle; includeInIndex = 0; path = LeanPokerUITests.xctest; sourceTree = BUILT_PRODUCTS_DIR; };
		BB0B6F6B1DD8F3D6007E896C /* LeanPokerUITests.swift */ = {isa = PBXFileReference; lastKnownFileType = sourcecode.swift; path = LeanPokerUITests.swift; sourceTree = "<group>"; };
		BB0B6F6D1DD8F3D6007E896C /* Info.plist */ = {isa = PBXFileReference; lastKnownFileType = text.plist.xml; path = Info.plist; sourceTree = "<group>"; };
		EEB37CDCA5F886A30F705C28 /* Pods_LeanPokerUITests.framework */ = {isa = PBXFileReference; explicitFileType = wrapper.framework; includeInIndex = 0; path = Pods_LeanPokerUITests.framework; sourceTree = BUILT_PRODUCTS_DIR; };
/* End PBXFileReference section */

/* Begin PBXFrameworksBuildPhase section */
		BB0B6F451DD8F3D5007E896C /* Frameworks */ = {
			isa = PBXFrameworksBuildPhase;
			buildActionMask = 2147483647;
			files = (
				E5EDCF24FB95E16FAA1AB67F /* Pods_LeanPoker.framework in Frameworks */,
			);
			runOnlyForDeploymentPostprocessing = 0;
		};
		BB0B6F591DD8F3D6007E896C /* Frameworks */ = {
			isa = PBXFrameworksBuildPhase;
			buildActionMask = 2147483647;
			files = (
				D2C2188F3B5DC5790E288258 /* Pods_LeanPokerTests.framework in Frameworks */,
			);
			runOnlyForDeploymentPostprocessing = 0;
		};
		BB0B6F641DD8F3D6007E896C /* Frameworks */ = {
			isa = PBXFrameworksBuildPhase;
			buildActionMask = 2147483647;
			files = (
				C87779BFC73856A4EEF5AD38 /* Pods_LeanPokerUITests.framework in Frameworks */,
			);
			runOnlyForDeploymentPostprocessing = 0;
		};
/* End PBXFrameworksBuildPhase section */

/* Begin PBXGroup section */
		1606E57CDDA80086152E80EC /* Pods */ = {
			isa = PBXGroup;
			children = (
				40D7D6439B1578D34E3C60EF /* Pods-LeanPoker.debug.xcconfig */,
				48129E5C191B1C00E75778D1 /* Pods-LeanPoker.release.xcconfig */,
				B6F42CAA86D57C53F8EC6B37 /* Pods-LeanPokerTests.debug.xcconfig */,
				4E6AC3E78F77B37CFE37F84C /* Pods-LeanPokerTests.release.xcconfig */,
				9E26E002E1DEB8C42D447AF1 /* Pods-LeanPokerUITests.debug.xcconfig */,
				74515C7D6622FCCF95CA27DE /* Pods-LeanPokerUITests.release.xcconfig */,
			);
			name = Pods;
			sourceTree = "<group>";
		};
		BB0B6F3F1DD8F3D5007E896C = {
			isa = PBXGroup;
			children = (
				BB0B6F4A1DD8F3D5007E896C /* LeanPoker */,
				BB0B6F5F1DD8F3D6007E896C /* LeanPokerTests */,
				BB0B6F6A1DD8F3D6007E896C /* LeanPokerUITests */,
				BB0B6F491DD8F3D5007E896C /* Products */,
				1606E57CDDA80086152E80EC /* Pods */,
				BE313E6EF478093448211522 /* Frameworks */,
			);
			sourceTree = "<group>";
		};
		BB0B6F491DD8F3D5007E896C /* Products */ = {
			isa = PBXGroup;
			children = (
				BB0B6F481DD8F3D5007E896C /* LeanPoker.app */,
				BB0B6F5C1DD8F3D6007E896C /* LeanPokerTests.xctest */,
				BB0B6F671DD8F3D6007E896C /* LeanPokerUITests.xctest */,
			);
			name = Products;
			sourceTree = "<group>";
		};
		BB0B6F4A1DD8F3D5007E896C /* LeanPoker */ = {
			isa = PBXGroup;
			children = (
				BB0B6F4B1DD8F3D5007E896C /* AppDelegate.swift */,
				BB0B6F4D1DD8F3D5007E896C /* ViewController.swift */,
				BB0B6F4F1DD8F3D5007E896C /* Main.storyboard */,
				BB0B6F521DD8F3D5007E896C /* Assets.xcassets */,
				BB0B6F541DD8F3D5007E896C /* LaunchScreen.storyboard */,
				BB0B6F571DD8F3D5007E896C /* Info.plist */,
			);
			path = LeanPoker;
			sourceTree = "<group>";
		};
		BB0B6F5F1DD8F3D6007E896C /* LeanPokerTests */ = {
			isa = PBXGroup;
			children = (
				BB0B6F601DD8F3D6007E896C /* LeanPokerTests.swift */,
				BB0B6F621DD8F3D6007E896C /* Info.plist */,
			);
			path = LeanPokerTests;
			sourceTree = "<group>";
		};
		BB0B6F6A1DD8F3D6007E896C /* LeanPokerUITests */ = {
			isa = PBXGroup;
			children = (
				BB0B6F6B1DD8F3D6007E896C /* LeanPokerUITests.swift */,
				BB0B6F6D1DD8F3D6007E896C /* Info.plist */,
			);
			path = LeanPokerUITests;
			sourceTree = "<group>";
		};
		BE313E6EF478093448211522 /* Frameworks */ = {
			isa = PBXGroup;
			children = (
				B811E1014EC485DC3C36FBDE /* Pods_LeanPoker.framework */,
				9178BAD5ECF3F35EDB601FCD /* Pods_LeanPokerTests.framework */,
				EEB37CDCA5F886A30F705C28 /* Pods_LeanPokerUITests.framework */,
			);
			name = Frameworks;
			sourceTree = "<group>";
		};
/* End PBXGroup section */

/* Begin PBXNativeTarget section */
		BB0B6F471DD8F3D5007E896C /* LeanPoker */ = {
			isa = PBXNativeTarget;
			buildConfigurationList = BB0B6F701DD8F3D6007E896C /* Build configuration list for PBXNativeTarget "LeanPoker" */;
			buildPhases = (
				B8863BDA07B716582C3EA351 /* [CP] Check Pods Manifest.lock */,
				BB0B6F441DD8F3D5007E896C /* Sources */,
				BB0B6F451DD8F3D5007E896C /* Frameworks */,
				BB0B6F461DD8F3D5007E896C /* Resources */,
				F9F06E8D7C1A592AC5AEB024 /* [CP] Embed Pods Frameworks */,
				54F2A0B51BBCEA6B47B36440 /* [CP] Copy Pods Resources */,
			);
			buildRules = (
			);
			dependencies = (
			);
			name = LeanPoker;
			productName = LeanPoker;
			productReference = BB0B6F481DD8F3D5007E896C /* LeanPoker.app */;
			productType = "com.apple.product-type.application";
		};
		BB0B6F5B1DD8F3D6007E896C /* LeanPokerTests */ = {
			isa = PBXNativeTarget;
			buildConfigurationList = BB0B6F731DD8F3D6007E896C /* Build configuration list for PBXNativeTarget "LeanPokerTests" */;
			buildPhases = (
				F30ACF3CFB8BA6FA18DE7F27 /* [CP] Check Pods Manifest.lock */,
				BB0B6F581DD8F3D6007E896C /* Sources */,
				BB0B6F591DD8F3D6007E896C /* Frameworks */,
				BB0B6F5A1DD8F3D6007E896C /* Resources */,
				6C858E0D763BFA3AB0D2E5F6 /* [CP] Embed Pods Frameworks */,
				FCF1D8F4ACFCB5501F6D6CFB /* [CP] Copy Pods Resources */,
			);
			buildRules = (
			);
			dependencies = (
				BB0B6F5E1DD8F3D6007E896C /* PBXTargetDependency */,
			);
			name = LeanPokerTests;
			productName = LeanPokerTests;
			productReference = BB0B6F5C1DD8F3D6007E896C /* LeanPokerTests.xctest */;
			productType = "com.apple.product-type.bundle.unit-test";
		};
		BB0B6F661DD8F3D6007E896C /* LeanPokerUITests */ = {
			isa = PBXNativeTarget;
			buildConfigurationList = BB0B6F761DD8F3D6007E896C /* Build configuration list for PBXNativeTarget "LeanPokerUITests" */;
			buildPhases = (
				6E15CB26D0D8FC4656D82408 /* [CP] Check Pods Manifest.lock */,
				BB0B6F631DD8F3D6007E896C /* Sources */,
				BB0B6F641DD8F3D6007E896C /* Frameworks */,
				BB0B6F651DD8F3D6007E896C /* Resources */,
				69189FD4673F3D4402BE9CC8 /* [CP] Embed Pods Frameworks */,
				FF8CE84B8BB8C6AB832F7545 /* [CP] Copy Pods Resources */,
			);
			buildRules = (
			);
			dependencies = (
				BB0B6F691DD8F3D6007E896C /* PBXTargetDependency */,
			);
			name = LeanPokerUITests;
			productName = LeanPokerUITests;
			productReference = BB0B6F671DD8F3D6007E896C /* LeanPokerUITests.xctest */;
			productType = "com.apple.product-type.bundle.ui-testing";
		};
/* End PBXNativeTarget section */

/* Begin PBXProject section */
		BB0B6F401DD8F3D5007E896C /* Project object */ = {
			isa = PBXProject;
			attributes = {
				LastSwiftUpdateCheck = 0810;
				LastUpgradeCheck = 0810;
				ORGANIZATIONNAME = LeanPoker.org;
				TargetAttributes = {
					BB0B6F471DD8F3D5007E896C = {
						CreatedOnToolsVersion = 8.1;
						ProvisioningStyle = Automatic;
					};
					BB0B6F5B1DD8F3D6007E896C = {
						CreatedOnToolsVersion = 8.1;
						ProvisioningStyle = Automatic;
						TestTargetID = BB0B6F471DD8F3D5007E896C;
					};
					BB0B6F661DD8F3D6007E896C = {
						CreatedOnToolsVersion = 8.1;
						ProvisioningStyle = Automatic;
						TestTargetID = BB0B6F471DD8F3D5007E896C;
					};
				};
			};
			buildConfigurationList = BB0B6F431DD8F3D5007E896C /* Build configuration list for PBXProject "LeanPoker" */;
			compatibilityVersion = "Xcode 3.2";
			developmentRegion = English;
			hasScannedForEncodings = 0;
			knownRegions = (
				en,
				Base,
			);
			mainGroup = BB0B6F3F1DD8F3D5007E896C;
			productRefGroup = BB0B6F491DD8F3D5007E896C /* Products */;
			projectDirPath = "";
			projectRoot = "";
			targets = (
				BB0B6F471DD8F3D5007E896C /* LeanPoker */,
				BB0B6F5B1DD8F3D6007E896C /* LeanPokerTests */,
				BB0B6F661DD8F3D6007E896C /* LeanPokerUITests */,
			);
		};
/* End PBXProject section */

/* Begin PBXResourcesBuildPhase section */
		BB0B6F461DD8F3D5007E896C /* Resources */ = {
			isa = PBXResourcesBuildPhase;
			buildActionMask = 2147483647;
			files = (
				BB0B6F561DD8F3D5007E896C /* LaunchScreen.storyboard in Resources */,
				BB0B6F531DD8F3D5007E896C /* Assets.xcassets in Resources */,
				BB0B6F511DD8F3D5007E896C /* Main.storyboard in Resources */,
			);
			runOnlyForDeploymentPostprocessing = 0;
		};
		BB0B6F5A1DD8F3D6007E896C /* Resources */ = {
			isa = PBXResourcesBuildPhase;
			buildActionMask = 2147483647;
			files = (
			);
			runOnlyForDeploymentPostprocessing = 0;
		};
		BB0B6F651DD8F3D6007E896C /* Resources */ = {
			isa = PBXResourcesBuildPhase;
			buildActionMask = 2147483647;
			files = (
			);
			runOnlyForDeploymentPostprocessing = 0;
		};
/* End PBXResourcesBuildPhase section */

/* Begin PBXShellScriptBuildPhase section */
		54F2A0B51BBCEA6B47B36440 /* [CP] Copy Pods Resources */ = {
			isa = PBXShellScriptBuildPhase;
			buildActionMask = 2147483647;
			files = (
			);
			inputPaths = (
			);
			name = "[CP] Copy Pods Resources";
			outputPaths = (
			);
			runOnlyForDeploymentPostprocessing = 0;
			shellPath = /bin/sh;
			shellScript = "\"${SRCROOT}/Pods/Target Support Files/Pods-LeanPoker/Pods-LeanPoker-resources.sh\"\n";
			showEnvVarsInLog = 0;
		};
		69189FD4673F3D4402BE9CC8 /* [CP] Embed Pods Frameworks */ = {
			isa = PBXShellScriptBuildPhase;
			buildActionMask = 2147483647;
			files = (
			);
			inputPaths = (
			);
			name = "[CP] Embed Pods Frameworks";
			outputPaths = (
			);
			runOnlyForDeploymentPostprocessing = 0;
			shellPath = /bin/sh;
			shellScript = "\"${SRCROOT}/Pods/Target Support Files/Pods-LeanPokerUITests/Pods-LeanPokerUITests-frameworks.sh\"\n";
			showEnvVarsInLog = 0;
		};
		6C858E0D763BFA3AB0D2E5F6 /* [CP] Embed Pods Frameworks */ = {
			isa = PBXShellScriptBuildPhase;
			buildActionMask = 2147483647;
			files = (
			);
			inputPaths = (
			);
			name = "[CP] Embed Pods Frameworks";
			outputPaths = (
			);
			runOnlyForDeploymentPostprocessing = 0;
			shellPath = /bin/sh;
			shellScript = "\"${SRCROOT}/Pods/Target Support Files/Pods-LeanPokerTests/Pods-LeanPokerTests-frameworks.sh\"\n";
			showEnvVarsInLog = 0;
		};
		6E15CB26D0D8FC4656D82408 /* [CP] Check Pods Manifest.lock */ = {
			isa = PBXShellScriptBuildPhase;
			buildActionMask = 2147483647;
			files = (
			);
			inputPaths = (
			);
			name = "[CP] Check Pods Manifest.lock";
			outputPaths = (
			);
			runOnlyForDeploymentPostprocessing = 0;
			shellPath = /bin/sh;
			shellScript = "diff \"${PODS_ROOT}/../Podfile.lock\" \"${PODS_ROOT}/Manifest.lock\" > /dev/null\nif [ $? != 0 ] ; then\n    # print error to STDERR\n    echo \"error: The sandbox is not in sync with the Podfile.lock. Run \'pod install\' or update your CocoaPods installation.\" >&2\n    exit 1\nfi\n";
			showEnvVarsInLog = 0;
		};
		B8863BDA07B716582C3EA351 /* [CP] Check Pods Manifest.lock */ = {
			isa = PBXShellScriptBuildPhase;
			buildActionMask = 2147483647;
			files = (
			);
			inputPaths = (
			);
			name = "[CP] Check Pods Manifest.lock";
			outputPaths = (
			);
			runOnlyForDeploymentPostprocessing = 0;
			shellPath = /bin/sh;
			shellScript = "diff \"${PODS_ROOT}/../Podfile.lock\" \"${PODS_ROOT}/Manifest.lock\" > /dev/null\nif [ $? != 0 ] ; then\n    # print error to STDERR\n    echo \"error: The sandbox is not in sync with the Podfile.lock. Run \'pod install\' or update your CocoaPods installation.\" >&2\n    exit 1\nfi\n";
			showEnvVarsInLog = 0;
		};
		F30ACF3CFB8BA6FA18DE7F27 /* [CP] Check Pods Manifest.lock */ = {
			isa = PBXShellScriptBuildPhase;
			buildActionMask = 2147483647;
			files = (
			);
			inputPaths = (
			);
			name = "[CP] Check Pods Manifest.lock";
			outputPaths = (
			);
			runOnlyForDeploymentPostprocessing = 0;
			shellPath = /bin/sh;
			shellScript = "diff \"${PODS_ROOT}/../Podfile.lock\" \"${PODS_ROOT}/Manifest.lock\" > /dev/null\nif [ $? != 0 ] ; then\n    # print error to STDERR\n    echo \"error: The sandbox is not in sync with the Podfile.lock. Run \'pod install\' or update your CocoaPods installation.\" >&2\n    exit 1\nfi\n";
			showEnvVarsInLog = 0;
		};
		F9F06E8D7C1A592AC5AEB024 /* [CP] Embed Pods Frameworks */ = {
			isa = PBXShellScriptBuildPhase;
			buildActionMask = 2147483647;
			files = (
			);
			inputPaths = (
			);
			name = "[CP] Embed Pods Frameworks";
			outputPaths = (
			);
			runOnlyForDeploymentPostprocessing = 0;
			shellPath = /bin/sh;
			shellScript = "\"${SRCROOT}/Pods/Target Support Files/Pods-LeanPoker/Pods-LeanPoker-frameworks.sh\"\n";
			showEnvVarsInLog = 0;
		};
		FCF1D8F4ACFCB5501F6D6CFB /* [CP] Copy Pods Resources */ = {
			isa = PBXShellScriptBuildPhase;
			buildActionMask = 2147483647;
			files = (
			);
			inputPaths = (
			);
			name = "[CP] Copy Pods Resources";
			outputPaths = (
			);
			runOnlyForDeploymentPostprocessing = 0;
			shellPath = /bin/sh;
			shellScript = "\"${SRCROOT}/Pods/Target Support Files/Pods-LeanPokerTests/Pods-LeanPokerTests-resources.sh\"\n";
			showEnvVarsInLog = 0;
		};
		FF8CE84B8BB8C6AB832F7545 /* [CP] Copy Pods Resources */ = {
			isa = PBXShellScriptBuildPhase;
			buildActionMask = 2147483647;
			files = (
			);
			inputPaths = (
			);
			name = "[CP] Copy Pods Resources";
			outputPaths = (
			);
			runOnlyForDeploymentPostprocessing = 0;
			shellPath = /bin/sh;
			shellScript = "\"${SRCROOT}/Pods/Target Support Files/Pods-LeanPokerUITests/Pods-LeanPokerUITests-resources.sh\"\n";
			showEnvVarsInLog = 0;
		};
/* End PBXShellScriptBuildPhase section */

/* Begin PBXSourcesBuildPhase section */
		BB0B6F441DD8F3D5007E896C /* Sources */ = {
			isa = PBXSourcesBuildPhase;
			buildActionMask = 2147483647;
			files = (
				BB0B6F4E1DD8F3D5007E896C /* ViewController.swift in Sources */,
				BB0B6F4C1DD8F3D5007E896C /* AppDelegate.swift in Sources */,
			);
			runOnlyForDeploymentPostprocessing = 0;
		};
		BB0B6F581DD8F3D6007E896C /* Sources */ = {
			isa = PBXSourcesBuildPhase;
			buildActionMask = 2147483647;
			files = (
				BB0B6F611DD8F3D6007E896C /* LeanPokerTests.swift in Sources */,
			);
			runOnlyForDeploymentPostprocessing = 0;
		};
		BB0B6F631DD8F3D6007E896C /* Sources */ = {
			isa = PBXSourcesBuildPhase;
			buildActionMask = 2147483647;
			files = (
				BB0B6F6C1DD8F3D6007E896C /* LeanPokerUITests.swift in Sources */,
			);
			runOnlyForDeploymentPostprocessing = 0;
		};
/* End PBXSourcesBuildPhase section */

/* Begin PBXTargetDependency section */
		BB0B6F5E1DD8F3D6007E896C /* PBXTargetDependency */ = {
			isa = PBXTargetDependency;
			target = BB0B6F471DD8F3D5007E896C /* LeanPoker */;
			targetProxy = BB0B6F5D1DD8F3D6007E896C /* PBXContainerItemProxy */;
		};
		BB0B6F691DD8F3D6007E896C /* PBXTargetDependency */ = {
			isa = PBXTargetDependency;
			target = BB0B6F471DD8F3D5007E896C /* LeanPoker */;
			targetProxy = BB0B6F681DD8F3D6007E896C /* PBXContainerItemProxy */;
		};
/* End PBXTargetDependency section */

/* Begin PBXVariantGroup section */
		BB0B6F4F1DD8F3D5007E896C /* Main.storyboard */ = {
			isa = PBXVariantGroup;
			children = (
				BB0B6F501DD8F3D5007E896C /* Base */,
			);
			name = Main.storyboard;
			sourceTree = "<group>";
		};
		BB0B6F541DD8F3D5007E896C /* LaunchScreen.storyboard */ = {
			isa = PBXVariantGroup;
			children = (
				BB0B6F551DD8F3D5007E896C /* Base */,
			);
			name = LaunchScreen.storyboard;
			sourceTree = "<group>";
		};
/* End PBXVariantGroup section */

/* Begin XCBuildConfiguration section */
		BB0B6F6E1DD8F3D6007E896C /* Debug */ = {
			isa = XCBuildConfiguration;
			buildSettings = {
				ALWAYS_SEARCH_USER_PATHS = NO;
				CLANG_ANALYZER_NONNULL = YES;
				CLANG_CXX_LANGUAGE_STANDARD = "gnu++0x";
				CLANG_CXX_LIBRARY = "libc++";
				CLANG_ENABLE_MODULES = YES;
				CLANG_ENABLE_OBJC_ARC = YES;
				CLANG_WARN_BOOL_CONVERSION = YES;
				CLANG_WARN_CONSTANT_CONVERSION = YES;
				CLANG_WARN_DIRECT_OBJC_ISA_USAGE = YES_ERROR;
				CLANG_WARN_DOCUMENTATION_COMMENTS = YES;
				CLANG_WARN_EMPTY_BODY = YES;
				CLANG_WARN_ENUM_CONVERSION = YES;
				CLANG_WARN_INFINITE_RECURSION = YES;
				CLANG_WARN_INT_CONVERSION = YES;
				CLANG_WARN_OBJC_ROOT_CLASS = YES_ERROR;
				CLANG_WARN_SUSPICIOUS_MOVES = YES;
				CLANG_WARN_UNREACHABLE_CODE = YES;
				CLANG_WARN__DUPLICATE_METHOD_MATCH = YES;
				"CODE_SIGN_IDENTITY[sdk=iphoneos*]" = "iPhone Developer";
				COPY_PHASE_STRIP = NO;
				DEBUG_INFORMATION_FORMAT = dwarf;
				ENABLE_STRICT_OBJC_MSGSEND = YES;
				ENABLE_TESTABILITY = YES;
				GCC_C_LANGUAGE_STANDARD = gnu99;
				GCC_DYNAMIC_NO_PIC = NO;
				GCC_NO_COMMON_BLOCKS = YES;
				GCC_OPTIMIZATION_LEVEL = 0;
				GCC_PREPROCESSOR_DEFINITIONS = (
					"DEBUG=1",
					"$(inherited)",
				);
				GCC_WARN_64_TO_32_BIT_CONVERSION = YES;
				GCC_WARN_ABOUT_RETURN_TYPE = YES_ERROR;
				GCC_WARN_UNDECLARED_SELECTOR = YES;
				GCC_WARN_UNINITIALIZED_AUTOS = YES_AGGRESSIVE;
				GCC_WARN_UNUSED_FUNCTION = YES;
				GCC_WARN_UNUSED_VARIABLE = YES;
				IPHONEOS_DEPLOYMENT_TARGET = 10.1;
				MTL_ENABLE_DEBUG_INFO = YES;
				ONLY_ACTIVE_ARCH = YES;
				SDKROOT = iphoneos;
				SWIFT_ACTIVE_COMPILATION_CONDITIONS = DEBUG;
				SWIFT_OPTIMIZATION_LEVEL = "-Onone";
				TARGETED_DEVICE_FAMILY = "1,2";
			};
			name = Debug;
		};
		BB0B6F6F1DD8F3D6007E896C /* Release */ = {
			isa = XCBuildConfiguration;
			buildSettings = {
				ALWAYS_SEARCH_USER_PATHS = NO;
				CLANG_ANALYZER_NONNULL = YES;
				CLANG_CXX_LANGUAGE_STANDARD = "gnu++0x";
				CLANG_CXX_LIBRARY = "libc++";
				CLANG_ENABLE_MODULES = YES;
				CLANG_ENABLE_OBJC_ARC = YES;
				CLANG_WARN_BOOL_CONVERSION = YES;
				CLANG_WARN_CONSTANT_CONVERSION = YES;
				CLANG_WARN_DIRECT_OBJC_ISA_USAGE = YES_ERROR;
				CLANG_WARN_DOCUMENTATION_COMMENTS = YES;
				CLANG_WARN_EMPTY_BODY = YES;
				CLANG_WARN_ENUM_CONVERSION = YES;
				CLANG_WARN_INFINITE_RECURSION = YES;
				CLANG_WARN_INT_CONVERSION = YES;
				CLANG_WARN_OBJC_ROOT_CLASS = YES_ERROR;
				CLANG_WARN_SUSPICIOUS_MOVES = YES;
				CLANG_WARN_UNREACHABLE_CODE = YES;
				CLANG_WARN__DUPLICATE_METHOD_MATCH = YES;
				"CODE_SIGN_IDENTITY[sdk=iphoneos*]" = "iPhone Developer";
				COPY_PHASE_STRIP = NO;
				DEBUG_INFORMATION_FORMAT = "dwarf-with-dsym";
				ENABLE_NS_ASSERTIONS = NO;
				ENABLE_STRICT_OBJC_MSGSEND = YES;
				GCC_C_LANGUAGE_STANDARD = gnu99;
				GCC_NO_COMMON_BLOCKS = YES;
				GCC_WARN_64_TO_32_BIT_CONVERSION = YES;
				GCC_WARN_ABOUT_RETURN_TYPE = YES_ERROR;
				GCC_WARN_UNDECLARED_SELECTOR = YES;
				GCC_WARN_UNINITIALIZED_AUTOS = YES_AGGRESSIVE;
				GCC_WARN_UNUSED_FUNCTION = YES;
				GCC_WARN_UNUSED_VARIABLE = YES;
				IPHONEOS_DEPLOYMENT_TARGET = 10.1;
				MTL_ENABLE_DEBUG_INFO = NO;
				SDKROOT = iphoneos;
				SWIFT_OPTIMIZATION_LEVEL = "-Owholemodule";
				TARGETED_DEVICE_FAMILY = "1,2";
				VALIDATE_PRODUCT = YES;
			};
			name = Release;
		};
		BB0B6F711DD8F3D6007E896C /* Debug */ = {
			isa = XCBuildConfiguration;
			baseConfigurationReference = 40D7D6439B1578D34E3C60EF /* Pods-LeanPoker.debug.xcconfig */;
			buildSettings = {
				ASSETCATALOG_COMPILER_APPICON_NAME = AppIcon;
				INFOPLIST_FILE = LeanPoker/Info.plist;
				LD_RUNPATH_SEARCH_PATHS = "$(inherited) @executable_path/Frameworks";
				PRODUCT_BUNDLE_IDENTIFIER = org.leanpoker.LeanPoker;
				PRODUCT_NAME = "$(TARGET_NAME)";
				SWIFT_VERSION = 3.0;
			};
			name = Debug;
		};
		BB0B6F721DD8F3D6007E896C /* Release */ = {
			isa = XCBuildConfiguration;
			baseConfigurationReference = 48129E5C191B1C00E75778D1 /* Pods-LeanPoker.release.xcconfig */;
			buildSettings = {
				ASSETCATALOG_COMPILER_APPICON_NAME = AppIcon;
				INFOPLIST_FILE = LeanPoker/Info.plist;
				LD_RUNPATH_SEARCH_PATHS = "$(inherited) @executable_path/Frameworks";
				PRODUCT_BUNDLE_IDENTIFIER = org.leanpoker.LeanPoker;
				PRODUCT_NAME = "$(TARGET_NAME)";
				SWIFT_VERSION = 3.0;
			};
			name = Release;
		};
		BB0B6F741DD8F3D6007E896C /* Debug */ = {
			isa = XCBuildConfiguration;
			baseConfigurationReference = B6F42CAA86D57C53F8EC6B37 /* Pods-LeanPokerTests.debug.xcconfig */;
			buildSettings = {
				ALWAYS_EMBED_SWIFT_STANDARD_LIBRARIES = YES;
				BUNDLE_LOADER = "$(TEST_HOST)";
				INFOPLIST_FILE = LeanPokerTests/Info.plist;
				LD_RUNPATH_SEARCH_PATHS = "$(inherited) @executable_path/Frameworks @loader_path/Frameworks";
				PRODUCT_BUNDLE_IDENTIFIER = org.leanpoker.LeanPokerTests;
				PRODUCT_NAME = "$(TARGET_NAME)";
				SWIFT_VERSION = 3.0;
				TEST_HOST = "$(BUILT_PRODUCTS_DIR)/LeanPoker.app/LeanPoker";
			};
			name = Debug;
		};
		BB0B6F751DD8F3D6007E896C /* Release */ = {
			isa = XCBuildConfiguration;
			baseConfigurationReference = 4E6AC3E78F77B37CFE37F84C /* Pods-LeanPokerTests.release.xcconfig */;
			buildSettings = {
				ALWAYS_EMBED_SWIFT_STANDARD_LIBRARIES = YES;
				BUNDLE_LOADER = "$(TEST_HOST)";
				INFOPLIST_FILE = LeanPokerTests/Info.plist;
				LD_RUNPATH_SEARCH_PATHS = "$(inherited) @executable_path/Frameworks @loader_path/Frameworks";
				PRODUCT_BUNDLE_IDENTIFIER = org.leanpoker.LeanPokerTests;
				PRODUCT_NAME = "$(TARGET_NAME)";
				SWIFT_VERSION = 3.0;
				TEST_HOST = "$(BUILT_PRODUCTS_DIR)/LeanPoker.app/LeanPoker";
			};
			name = Release;
		};
		BB0B6F771DD8F3D6007E896C /* Debug */ = {
			isa = XCBuildConfiguration;
			baseConfigurationReference = 9E26E002E1DEB8C42D447AF1 /* Pods-LeanPokerUITests.debug.xcconfig */;
			buildSettings = {
				ALWAYS_EMBED_SWIFT_STANDARD_LIBRARIES = YES;
				INFOPLIST_FILE = LeanPokerUITests/Info.plist;
				LD_RUNPATH_SEARCH_PATHS = "$(inherited) @executable_path/Frameworks @loader_path/Frameworks";
				PRODUCT_BUNDLE_IDENTIFIER = org.leanpoker.LeanPokerUITests;
				PRODUCT_NAME = "$(TARGET_NAME)";
				SWIFT_VERSION = 3.0;
				TEST_TARGET_NAME = LeanPoker;
			};
			name = Debug;
		};
		BB0B6F781DD8F3D6007E896C /* Release */ = {
			isa = XCBuildConfiguration;
			baseConfigurationReference = 74515C7D6622FCCF95CA27DE /* Pods-LeanPokerUITests.release.xcconfig */;
			buildSettings = {
				ALWAYS_EMBED_SWIFT_STANDARD_LIBRARIES = YES;
				INFOPLIST_FILE = LeanPokerUITests/Info.plist;
				LD_RUNPATH_SEARCH_PATHS = "$(inherited) @executable_path/Frameworks @loader_path/Frameworks";
				PRODUCT_BUNDLE_IDENTIFIER = org.leanpoker.LeanPokerUITests;
				PRODUCT_NAME = "$(TARGET_NAME)";
				SWIFT_VERSION = 3.0;
				TEST_TARGET_NAME = LeanPoker;
			};
			name = Release;
		};
/* End XCBuildConfiguration section */

/* Begin XCConfigurationList section */
		BB0B6F431DD8F3D5007E896C /* Build configuration list for PBXProject "LeanPoker" */ = {
			isa = XCConfigurationList;
			buildConfigurations = (
				BB0B6F6E1DD8F3D6007E896C /* Debug */,
				BB0B6F6F1DD8F3D6007E896C /* Release */,
			);
			defaultConfigurationIsVisible = 0;
			defaultConfigurationName = Release;
		};
		BB0B6F701DD8F3D6007E896C /* Build configuration list for PBXNativeTarget "LeanPoker" */ = {
			isa = XCConfigurationList;
			buildConfigurations = (
				BB0B6F711DD8F3D6007E896C /* Debug */,
				BB0B6F721DD8F3D6007E896C /* Release */,
			);
			defaultConfigurationIsVisible = 0;
		};
		BB0B6F731DD8F3D6007E896C /* Build configuration list for PBXNativeTarget "LeanPokerTests" */ = {
			isa = XCConfigurationList;
			buildConfigurations = (
				BB0B6F741DD8F3D6007E896C /* Debug */,
				BB0B6F751DD8F3D6007E896C /* Release */,
			);
			defaultConfigurationIsVisible = 0;
		};
		BB0B6F761DD8F3D6007E896C /* Build configuration list for PBXNativeTarget "LeanPokerUITests" */ = {
			isa = XCConfigurationList;
			buildConfigurations = (
				BB0B6F771DD8F3D6007E896C /* Debug */,
				BB0B6F781DD8F3D6007E896C /* Release */,
			);
			defaultConfigurationIsVisible = 0;
		};
/* End XCConfigurationList section */
	};
	rootObject = BB0B6F401DD8F3D5007E896C /* Project object */;
}
